
Microsoft Visual Studio Solution File, Format Version 12.00
# Visual Studio Version 17
VisualStudioVersion = 17.5.33627.172
MinimumVisualStudioVersion = 10.0.40219.1
Project("{FAE04EC0-301F-11D3-BF4B-00C04F79EFBC}") = "Frontend", "Frontend\Frontend.csproj", "{71BA42BE-F924-422E-B7F5-B2004A19086A}"
EndProject
Project("{FAE04EC0-301F-11D3-BF4B-00C04F79EFBC}") = "backend", "backend\backend.csproj", "{1E0D1D7B-6DC5-48F7-A891-8EDDE672DA10}"
EndProject
Project("{FAE04EC0-301F-11D3-BF4B-00C04F79EFBC}") = "console1", "console1\console1.csproj", "{ABE20905-F0E9-4A7A-9C32-4F696D7A7608}"
EndProject
Global
	GlobalSection(SolutionConfigurationPlatforms) = preSolution
		Debug|Any CPU = Debug|Any CPU
		Release|Any CPU = Release|Any CPU
	EndGlobalSection
	GlobalSection(ProjectConfigurationPlatforms) = postSolution
		{71BA42BE-F924-422E-B7F5-B2004A19086A}.Debug|Any CPU.ActiveCfg = Debug|Any CPU
		{71BA42BE-F924-422E-B7F5-B2004A19086A}.Debug|Any CPU.Build.0 = Debug|Any CPU
		{71BA42BE-F924-422E-B7F5-B2004A19086A}.Release|Any CPU.ActiveCfg = Release|Any CPU
		{71BA42BE-F924-422E-B7F5-B2004A19086A}.Release|Any CPU.Build.0 = Release|Any CPU
		{1E0D1D7B-6DC5-48F7-A891-8EDDE672DA10}.Debug|Any CPU.ActiveCfg = Debug|Any CPU
		{1E0D1D7B-6DC5-48F7-A891-8EDDE672DA10}.Debug|Any CPU.Build.0 = Debug|Any CPU
		{1E0D1D7B-6DC5-48F7-A891-8EDDE672DA10}.Release|Any CPU.ActiveCfg = Release|Any CPU
		{1E0D1D7B-6DC5-48F7-A891-8EDDE672DA10}.Release|Any CPU.Build.0 = Release|Any CPU
		{ABE20905-F0E9-4A7A-9C32-4F696D7A7608}.Debug|Any CPU.ActiveCfg = Debug|Any CPU
		{ABE20905-F0E9-4A7A-9C32-4F696D7A7608}.Debug|Any CPU.Build.0 = Debug|Any CPU
		{ABE20905-F0E9-4A7A-9C32-4F696D7A7608}.Release|Any CPU.ActiveCfg = Release|Any CPU
		{ABE20905-F0E9-4A7A-9C32-4F696D7A7608}.Release|Any CPU.Build.0 = Release|Any CPU
	EndGlobalSection
	GlobalSection(SolutionProperties) = preSolution
		HideSolutionNode = FALSE
	EndGlobalSection
	GlobalSection(ExtensibilityGlobals) = postSolution
		SolutionGuid = {8AD996CB-26EC-48EE-A281-A84A2D8DF8EF}
	EndGlobalSection
EndGlobal
