
Microsoft Visual Studio Solution File, Format Version 12.00
# Visual Studio Version 17
VisualStudioVersion = 17.5.33627.172
MinimumVisualStudioVersion = 10.0.40219.1
Project("{9A19103F-16F7-4668-BE54-9A1E7A4F7556}") = "variables", "variables\variables.csproj", "{A6518378-64D9-4125-833F-2C112724F748}"
EndProject
Project("{9A19103F-16F7-4668-BE54-9A1E7A4F7556}") = "Datatpes", "Datatpes\Datatpes.csproj", "{A950E3DD-22F8-4B73-9166-BB48104C0D4D}"
EndProject
Project("{FAE04EC0-301F-11D3-BF4B-00C04F79EFBC}") = "ArrayExample", "ArrayExample\ArrayExample.csproj", "{0D6178F8-1FFD-4BB4-988E-E1286365CC1F}"
EndProject
Project("{FAE04EC0-301F-11D3-BF4B-00C04F79EFBC}") = "arrayList", "arrayList\arrayList.csproj", "{F2D93B85-D2A4-44F5-A28B-7FA7B6DD602A}"
EndProject
Project("{FAE04EC0-301F-11D3-BF4B-00C04F79EFBC}") = "generic", "generic\generic.csproj", "{F6DA1EB3-7319-4C75-9B2C-462DBFAC9D61}"
EndProject
Project("{FAE04EC0-301F-11D3-BF4B-00C04F79EFBC}") = "lists", "lists\lists.csproj", "{AA4977CC-758A-4CC9-9F15-D4E60F7A4EA3}"
EndProject
Project("{FAE04EC0-301F-11D3-BF4B-00C04F79EFBC}") = "controlFlow", "controlFlow\controlFlow.csproj", "{37637640-72C5-49C5-AA88-ADEC84E7786A}"
EndProject
Global
	GlobalSection(SolutionConfigurationPlatforms) = preSolution
		Debug|Any CPU = Debug|Any CPU
		Release|Any CPU = Release|Any CPU
	EndGlobalSection
	GlobalSection(ProjectConfigurationPlatforms) = postSolution
		{A6518378-64D9-4125-833F-2C112724F748}.Debug|Any CPU.ActiveCfg = Debug|Any CPU
		{A6518378-64D9-4125-833F-2C112724F748}.Debug|Any CPU.Build.0 = Debug|Any CPU
		{A6518378-64D9-4125-833F-2C112724F748}.Release|Any CPU.ActiveCfg = Release|Any CPU
		{A6518378-64D9-4125-833F-2C112724F748}.Release|Any CPU.Build.0 = Release|Any CPU
		{A950E3DD-22F8-4B73-9166-BB48104C0D4D}.Debug|Any CPU.ActiveCfg = Debug|Any CPU
		{A950E3DD-22F8-4B73-9166-BB48104C0D4D}.Debug|Any CPU.Build.0 = Debug|Any CPU
		{A950E3DD-22F8-4B73-9166-BB48104C0D4D}.Release|Any CPU.ActiveCfg = Release|Any CPU
		{A950E3DD-22F8-4B73-9166-BB48104C0D4D}.Release|Any CPU.Build.0 = Release|Any CPU
		{0D6178F8-1FFD-4BB4-988E-E1286365CC1F}.Debug|Any CPU.ActiveCfg = Debug|Any CPU
		{0D6178F8-1FFD-4BB4-988E-E1286365CC1F}.Debug|Any CPU.Build.0 = Debug|Any CPU
		{0D6178F8-1FFD-4BB4-988E-E1286365CC1F}.Release|Any CPU.ActiveCfg = Release|Any CPU
		{0D6178F8-1FFD-4BB4-988E-E1286365CC1F}.Release|Any CPU.Build.0 = Release|Any CPU
		{F2D93B85-D2A4-44F5-A28B-7FA7B6DD602A}.Debug|Any CPU.ActiveCfg = Debug|Any CPU
		{F2D93B85-D2A4-44F5-A28B-7FA7B6DD602A}.Debug|Any CPU.Build.0 = Debug|Any CPU
		{F2D93B85-D2A4-44F5-A28B-7FA7B6DD602A}.Release|Any CPU.ActiveCfg = Release|Any CPU
		{F2D93B85-D2A4-44F5-A28B-7FA7B6DD602A}.Release|Any CPU.Build.0 = Release|Any CPU
		{F6DA1EB3-7319-4C75-9B2C-462DBFAC9D61}.Debug|Any CPU.ActiveCfg = Debug|Any CPU
		{F6DA1EB3-7319-4C75-9B2C-462DBFAC9D61}.Debug|Any CPU.Build.0 = Debug|Any CPU
		{F6DA1EB3-7319-4C75-9B2C-462DBFAC9D61}.Release|Any CPU.ActiveCfg = Release|Any CPU
		{F6DA1EB3-7319-4C75-9B2C-462DBFAC9D61}.Release|Any CPU.Build.0 = Release|Any CPU
		{AA4977CC-758A-4CC9-9F15-D4E60F7A4EA3}.Debug|Any CPU.ActiveCfg = Debug|Any CPU
		{AA4977CC-758A-4CC9-9F15-D4E60F7A4EA3}.Debug|Any CPU.Build.0 = Debug|Any CPU
		{AA4977CC-758A-4CC9-9F15-D4E60F7A4EA3}.Release|Any CPU.ActiveCfg = Release|Any CPU
		{AA4977CC-758A-4CC9-9F15-D4E60F7A4EA3}.Release|Any CPU.Build.0 = Release|Any CPU
		{37637640-72C5-49C5-AA88-ADEC84E7786A}.Debug|Any CPU.ActiveCfg = Debug|Any CPU
		{37637640-72C5-49C5-AA88-ADEC84E7786A}.Debug|Any CPU.Build.0 = Debug|Any CPU
		{37637640-72C5-49C5-AA88-ADEC84E7786A}.Release|Any CPU.ActiveCfg = Release|Any CPU
		{37637640-72C5-49C5-AA88-ADEC84E7786A}.Release|Any CPU.Build.0 = Release|Any CPU
	EndGlobalSection
	GlobalSection(SolutionProperties) = preSolution
		HideSolutionNode = FALSE
	EndGlobalSection
	GlobalSection(ExtensibilityGlobals) = postSolution
		SolutionGuid = {8AD996CB-26EC-48EE-A281-A84A2D8DF8EF}
	EndGlobalSection
EndGlobal
